
Microsoft Visual Studio Solution File, Format Version 12.00
# Visual Studio Version 16
VisualStudioVersion = 16.0.29728.190
MinimumVisualStudioVersion = 10.0.40219.1
Project("{8BC9CEB8-8B4A-11D0-8D11-00A0C91BC942}") = "s3ctl9t", "s3ctl9t\s3ctl9t.vcxproj", "{AED9AEF1-D89F-4935-B6EC-30AF79AE46ED}"
EndProject
Global
	GlobalSection(SolutionConfigurationPlatforms) = preSolution
		Debug|x64 = Debug|x64
		Debug|x86 = Debug|x86
		Release|x64 = Release|x64
		Release|x86 = Release|x86
	EndGlobalSection
	GlobalSection(ProjectConfigurationPlatforms) = postSolution
		{AED9AEF1-D89F-4935-B6EC-30AF79AE46ED}.Debug|x64.ActiveCfg = Debug|x64
		{AED9AEF1-D89F-4935-B6EC-30AF79AE46ED}.Debug|x64.Build.0 = Debug|x64
		{AED9AEF1-D89F-4935-B6EC-30AF79AE46ED}.Debug|x86.ActiveCfg = Debug|Win32
		{AED9AEF1-D89F-4935-B6EC-30AF79AE46ED}.Debug|x86.Build.0 = Debug|Win32
		{AED9AEF1-D89F-4935-B6EC-30AF79AE46ED}.Release|x64.ActiveCfg = Release|x64
		{AED9AEF1-D89F-4935-B6EC-30AF79AE46ED}.Release|x64.Build.0 = Release|x64
		{AED9AEF1-D89F-4935-B6EC-30AF79AE46ED}.Release|x86.ActiveCfg = Release|Win32
		{AED9AEF1-D89F-4935-B6EC-30AF79AE46ED}.Release|x86.Build.0 = Release|Win32
	EndGlobalSection
	GlobalSection(SolutionProperties) = preSolution
		HideSolutionNode = FALSE
	EndGlobalSection
	GlobalSection(ExtensibilityGlobals) = postSolution
		SolutionGuid = {C2C2283B-DE41-4666-A221-C3972BB16D32}
	EndGlobalSection
EndGlobal
